
Microsoft Visual Studio Solution File, Format Version 12.00
# Visual Studio Version 17
VisualStudioVersion = 17.9.34728.123
MinimumVisualStudioVersion = 10.0.40219.1
Project("{E24C65DC-7377-472B-9ABA-BC803B73C61A}") = "site", ".", "{245737A6-A7E3-4392-917E-9219F9C10C10}"
	ProjectSection(WebsiteProperties) = preProject
		TargetFrameworkMoniker = ".NETFramework,Version%3Dv4.0"
		Debug.AspNetCompiler.VirtualPath = "/localhost_50816"
		Debug.AspNetCompiler.PhysicalPath = "..\site\"
		Debug.AspNetCompiler.TargetPath = "PrecompiledWeb\localhost_50816\"
		Debug.AspNetCompiler.Updateable = "true"
		Debug.AspNetCompiler.ForceOverwrite = "true"
		Debug.AspNetCompiler.FixedNames = "false"
		Debug.AspNetCompiler.Debug = "True"
		Release.AspNetCompiler.VirtualPath = "/localhost_50816"
		Release.AspNetCompiler.PhysicalPath = "..\site\"
		Release.AspNetCompiler.TargetPath = "PrecompiledWeb\localhost_50816\"
		Release.AspNetCompiler.Updateable = "true"
		Release.AspNetCompiler.ForceOverwrite = "true"
		Release.AspNetCompiler.FixedNames = "false"
		Release.AspNetCompiler.Debug = "False"
		VWDPort = "50816"
		SlnRelativePath = "..\site\"
	EndProjectSection
EndProject
Global
	GlobalSection(SolutionConfigurationPlatforms) = preSolution
		Debug|Any CPU = Debug|Any CPU
	EndGlobalSection
	GlobalSection(ProjectConfigurationPlatforms) = postSolution
		{245737A6-A7E3-4392-917E-9219F9C10C10}.Debug|Any CPU.ActiveCfg = Debug|Any CPU
		{245737A6-A7E3-4392-917E-9219F9C10C10}.Debug|Any CPU.Build.0 = Debug|Any CPU
	EndGlobalSection
	GlobalSection(SolutionProperties) = preSolution
		HideSolutionNode = FALSE
	EndGlobalSection
	GlobalSection(ExtensibilityGlobals) = postSolution
		SolutionGuid = {A749E581-CB4E-4DB9-A7AE-480EA6CC445A}
	EndGlobalSection
EndGlobal
